
Microsoft Visual Studio Solution File, Format Version 12.00
# Visual Studio Version 16
VisualStudioVersion = 16.0.32002.261
MinimumVisualStudioVersion = 10.0.40219.1
Project("{9A19103F-16F7-4668-BE54-9A1E7A4F7556}") = "PACM.BL", "PACM.BL\PACM.BL.csproj", "{66D4097E-EF17-4458-928A-816E7B0112D8}"
EndProject
Project("{2150E333-8FDC-42A3-9474-1A3956D46DE8}") = "Tests", "Tests", "{0B855C63-02DC-4A0C-8CAF-DF6ABE2098B4}"
EndProject
Project("{FAE04EC0-301F-11D3-BF4B-00C04F79EFBC}") = "PACM.BLTest", "PACM.BLTest\PACM.BLTest.csproj", "{8F9F798E-D884-4C16-845F-564C97F844CD}"
EndProject
Project("{FAE04EC0-301F-11D3-BF4B-00C04F79EFBC}") = "PACM.Common", "PACM.Common\PACM.Common.csproj", "{591978B1-2FEF-4E5A-A0F2-66C1C2DBEB53}"
EndProject
Project("{FAE04EC0-301F-11D3-BF4B-00C04F79EFBC}") = "PACM.CommonTest", "PACM.CommonTest\PACM.CommonTest.csproj", "{9A44B716-2B5E-4A44-AE96-0C9B351AC05A}"
EndProject
Global
	GlobalSection(SolutionConfigurationPlatforms) = preSolution
		Debug|Any CPU = Debug|Any CPU
		Release|Any CPU = Release|Any CPU
	EndGlobalSection
	GlobalSection(ProjectConfigurationPlatforms) = postSolution
		{66D4097E-EF17-4458-928A-816E7B0112D8}.Debug|Any CPU.ActiveCfg = Debug|Any CPU
		{66D4097E-EF17-4458-928A-816E7B0112D8}.Debug|Any CPU.Build.0 = Debug|Any CPU
		{66D4097E-EF17-4458-928A-816E7B0112D8}.Release|Any CPU.ActiveCfg = Release|Any CPU
		{66D4097E-EF17-4458-928A-816E7B0112D8}.Release|Any CPU.Build.0 = Release|Any CPU
		{8F9F798E-D884-4C16-845F-564C97F844CD}.Debug|Any CPU.ActiveCfg = Debug|Any CPU
		{8F9F798E-D884-4C16-845F-564C97F844CD}.Debug|Any CPU.Build.0 = Debug|Any CPU
		{8F9F798E-D884-4C16-845F-564C97F844CD}.Release|Any CPU.ActiveCfg = Release|Any CPU
		{8F9F798E-D884-4C16-845F-564C97F844CD}.Release|Any CPU.Build.0 = Release|Any CPU
		{591978B1-2FEF-4E5A-A0F2-66C1C2DBEB53}.Debug|Any CPU.ActiveCfg = Debug|Any CPU
		{591978B1-2FEF-4E5A-A0F2-66C1C2DBEB53}.Debug|Any CPU.Build.0 = Debug|Any CPU
		{591978B1-2FEF-4E5A-A0F2-66C1C2DBEB53}.Release|Any CPU.ActiveCfg = Release|Any CPU
		{591978B1-2FEF-4E5A-A0F2-66C1C2DBEB53}.Release|Any CPU.Build.0 = Release|Any CPU
		{9A44B716-2B5E-4A44-AE96-0C9B351AC05A}.Debug|Any CPU.ActiveCfg = Debug|Any CPU
		{9A44B716-2B5E-4A44-AE96-0C9B351AC05A}.Debug|Any CPU.Build.0 = Debug|Any CPU
		{9A44B716-2B5E-4A44-AE96-0C9B351AC05A}.Release|Any CPU.ActiveCfg = Release|Any CPU
		{9A44B716-2B5E-4A44-AE96-0C9B351AC05A}.Release|Any CPU.Build.0 = Release|Any CPU
	EndGlobalSection
	GlobalSection(SolutionProperties) = preSolution
		HideSolutionNode = FALSE
	EndGlobalSection
	GlobalSection(NestedProjects) = preSolution
		{8F9F798E-D884-4C16-845F-564C97F844CD} = {0B855C63-02DC-4A0C-8CAF-DF6ABE2098B4}
		{9A44B716-2B5E-4A44-AE96-0C9B351AC05A} = {0B855C63-02DC-4A0C-8CAF-DF6ABE2098B4}
	EndGlobalSection
	GlobalSection(ExtensibilityGlobals) = postSolution
		SolutionGuid = {1BEE479D-8CED-47A4-A13B-5AD99D59EB6D}
	EndGlobalSection
EndGlobal
